
Microsoft Visual Studio Solution File, Format Version 12.00
# Visual Studio Version 17
VisualStudioVersion = 17.8.34322.80
MinimumVisualStudioVersion = 10.0.40219.1
Project("{FAE04EC0-301F-11D3-BF4B-00C04F79EFBC}") = "CarRentalHub", "CarRentalHub\CarRentalHub.csproj", "{069B7862-2B4C-4E9C-A648-A4902814A76C}"
EndProject
Global
	GlobalSection(SolutionConfigurationPlatforms) = preSolution
		Debug|Any CPU = Debug|Any CPU
		Release|Any CPU = Release|Any CPU
	EndGlobalSection
	GlobalSection(ProjectConfigurationPlatforms) = postSolution
		{069B7862-2B4C-4E9C-A648-A4902814A76C}.Debug|Any CPU.ActiveCfg = Debug|Any CPU
		{069B7862-2B4C-4E9C-A648-A4902814A76C}.Debug|Any CPU.Build.0 = Debug|Any CPU
		{069B7862-2B4C-4E9C-A648-A4902814A76C}.Release|Any CPU.ActiveCfg = Release|Any CPU
		{069B7862-2B4C-4E9C-A648-A4902814A76C}.Release|Any CPU.Build.0 = Release|Any CPU
	EndGlobalSection
	GlobalSection(SolutionProperties) = preSolution
		HideSolutionNode = FALSE
	EndGlobalSection
	GlobalSection(ExtensibilityGlobals) = postSolution
		SolutionGuid = {488D86D2-DDAF-41B3-B4DC-643A108C9E6C}
	EndGlobalSection
EndGlobal
