
Microsoft Visual Studio Solution File, Format Version 12.00
# Visual Studio Version 17
VisualStudioVersion = 17.8.34322.80
MinimumVisualStudioVersion = 10.0.40219.1
Project("{9A19103F-16F7-4668-BE54-9A1E7A4F7556}") = "CarRentalHub", "CarRentalHub\CarRentalHub.csproj", "{069B7862-2B4C-4E9C-A648-A4902814A76C}"
EndProject
Project("{2150E333-8FDC-42A3-9474-1A3956D46DE8}") = "Solution Items", "Solution Items", "{7653EA9C-D1AF-46B7-B672-C0C2317B9A7C}"
	ProjectSection(SolutionItems) = preProject
		.editorconfig = .editorconfig
	EndProjectSection
EndProject
Global
	GlobalSection(SolutionConfigurationPlatforms) = preSolution
		Debug|Any CPU = Debug|Any CPU
		Release|Any CPU = Release|Any CPU
	EndGlobalSection
	GlobalSection(ProjectConfigurationPlatforms) = postSolution
		{069B7862-2B4C-4E9C-A648-A4902814A76C}.Debug|Any CPU.ActiveCfg = Debug|Any CPU
		{069B7862-2B4C-4E9C-A648-A4902814A76C}.Debug|Any CPU.Build.0 = Debug|Any CPU
		{069B7862-2B4C-4E9C-A648-A4902814A76C}.Release|Any CPU.ActiveCfg = Release|Any CPU
		{069B7862-2B4C-4E9C-A648-A4902814A76C}.Release|Any CPU.Build.0 = Release|Any CPU
	EndGlobalSection
	GlobalSection(SolutionProperties) = preSolution
		HideSolutionNode = FALSE
	EndGlobalSection
	GlobalSection(ExtensibilityGlobals) = postSolution
		SolutionGuid = {488D86D2-DDAF-41B3-B4DC-643A108C9E6C}
	EndGlobalSection
EndGlobal
